// !$*UTF8*$!
{
	archiveVersion = 1;
	classes = {
	};
	objectVersion = 46;
	objects = {

/* Begin PBXBuildFile section */
		B60D19D31A6B471F002C48A5 /* AppDelegate.swift in Sources */ = {isa = PBXBuildFile; fileRef = B60D19D21A6B471F002C48A5 /* AppDelegate.swift */; };
		B60D19D81A6B471F002C48A5 /* Main.storyboard in Resources */ = {isa = PBXBuildFile; fileRef = B60D19D61A6B471F002C48A5 /* Main.storyboard */; };
		B60D19DA1A6B471F002C48A5 /* Images.xcassets in Resources */ = {isa = PBXBuildFile; fileRef = B60D19D91A6B471F002C48A5 /* Images.xcassets */; };
		B60D19DD1A6B471F002C48A5 /* LaunchScreen.xib in Resources */ = {isa = PBXBuildFile; fileRef = B60D19DB1A6B471F002C48A5 /* LaunchScreen.xib */; };
		B60D19E91A6B4720002C48A5 /* ToDoListTests.swift in Sources */ = {isa = PBXBuildFile; fileRef = B60D19E81A6B4720002C48A5 /* ToDoListTests.swift */; };
		B60D19F31A6BC0BD002C48A5 /* AddToDoItemViewController.swift in Sources */ = {isa = PBXBuildFile; fileRef = B60D19F21A6BC0BD002C48A5 /* AddToDoItemViewController.swift */; };
		B60D19F51A6BC1F7002C48A5 /* ToDoListTableViewController.swift in Sources */ = {isa = PBXBuildFile; fileRef = B60D19F41A6BC1F7002C48A5 /* ToDoListTableViewController.swift */; };
		B60D19F71A6BFAD0002C48A5 /* ToDoItem.swift in Sources */ = {isa = PBXBuildFile; fileRef = B60D19F61A6BFAD0002C48A5 /* ToDoItem.swift */; };
/* End PBXBuildFile section */

/* Begin PBXContainerItemProxy section */
		B60D19E31A6B471F002C48A5 /* PBXContainerItemProxy */ = {
			isa = PBXContainerItemProxy;
			containerPortal = B60D19C51A6B471F002C48A5 /* Project object */;
			proxyType = 1;
			remoteGlobalIDString = B60D19CC1A6B471F002C48A5;
			remoteInfo = ToDoList;
		};
/* End PBXContainerItemProxy section */

/* Begin PBXFileReference section */
		B60D19CD1A6B471F002C48A5 /* ToDoList.app */ = {isa = PBXFileReference; explicitFileType = wrapper.application; includeInIndex = 0; path = ToDoList.app; sourceTree = BUILT_PRODUCTS_DIR; };
		B60D19D11A6B471F002C48A5 /* Info.plist */ = {isa = PBXFileReference; lastKnownFileType = text.plist.xml; path = Info.plist; sourceTree = "<group>"; };
		B60D19D21A6B471F002C48A5 /* AppDelegate.swift */ = {isa = PBXFileReference; lastKnownFileType = sourcecode.swift; path = AppDelegate.swift; sourceTree = "<group>"; };
		B60D19D71A6B471F002C48A5 /* Base */ = {isa = PBXFileReference; lastKnownFileType = file.storyboard; name = Base; path = Base.lproj/Main.storyboard; sourceTree = "<group>"; };
		B60D19D91A6B471F002C48A5 /* Images.xcassets */ = {isa = PBXFileReference; lastKnownFileType = folder.assetcatalog; path = Images.xcassets; sourceTree = "<group>"; };
		B60D19DC1A6B471F002C48A5 /* Base */ = {isa = PBXFileReference; lastKnownFileType = file.xib; name = Base; path = Base.lproj/LaunchScreen.xib; sourceTree = "<group>"; };
		B60D19E21A6B471F002C48A5 /* ToDoListTests.xctest */ = {isa = PBXFileReference; explicitFileType = wrapper.cfbundle; includeInIndex = 0; path = ToDoListTests.xctest; sourceTree = BUILT_PRODUCTS_DIR; };
		B60D19E71A6B4720002C48A5 /* Info.plist */ = {isa = PBXFileReference; lastKnownFileType = text.plist.xml; path = Info.plist; sourceTree = "<group>"; };
		B60D19E81A6B4720002C48A5 /* ToDoListTests.swift */ = {isa = PBXFileReference; lastKnownFileType = sourcecode.swift; path = ToDoListTests.swift; sourceTree = "<group>"; };
		B60D19F21A6BC0BD002C48A5 /* AddToDoItemViewController.swift */ = {isa = PBXFileReference; fileEncoding = 4; lastKnownFileType = sourcecode.swift; path = AddToDoItemViewController.swift; sourceTree = "<group>"; };
		B60D19F41A6BC1F7002C48A5 /* ToDoListTableViewController.swift */ = {isa = PBXFileReference; fileEncoding = 4; lastKnownFileType = sourcecode.swift; path = ToDoListTableViewController.swift; sourceTree = "<group>"; };
		B60D19F61A6BFAD0002C48A5 /* ToDoItem.swift */ = {isa = PBXFileReference; fileEncoding = 4; lastKnownFileType = sourcecode.swift; path = ToDoItem.swift; sourceTree = "<group>"; };
/* End PBXFileReference section */

/* Begin PBXFrameworksBuildPhase section */
		B60D19CA1A6B471F002C48A5 /* Frameworks */ = {
			isa = PBXFrameworksBuildPhase;
			buildActionMask = 2147483647;
			files = (
			);
			runOnlyForDeploymentPostprocessing = 0;
		};
		B60D19DF1A6B471F002C48A5 /* Frameworks */ = {
			isa = PBXFrameworksBuildPhase;
			buildActionMask = 2147483647;
			files = (
			);
			runOnlyForDeploymentPostprocessing = 0;
		};
/* End PBXFrameworksBuildPhase section */

/* Begin PBXGroup section */
		B60D19C41A6B471F002C48A5 = {
			isa = PBXGroup;
			children = (
				B60D19CF1A6B471F002C48A5 /* ToDoList */,
				B60D19E51A6B4720002C48A5 /* ToDoListTests */,
				B60D19CE1A6B471F002C48A5 /* Products */,
			);
			sourceTree = "<group>";
		};
		B60D19CE1A6B471F002C48A5 /* Products */ = {
			isa = PBXGroup;
			children = (
				B60D19CD1A6B471F002C48A5 /* ToDoList.app */,
				B60D19E21A6B471F002C48A5 /* ToDoListTests.xctest */,
			);
			name = Products;
			sourceTree = "<group>";
		};
		B60D19CF1A6B471F002C48A5 /* ToDoList */ = {
			isa = PBXGroup;
			children = (
				B60D19D21A6B471F002C48A5 /* AppDelegate.swift */,
				B60D19D61A6B471F002C48A5 /* Main.storyboard */,
				B60D19D91A6B471F002C48A5 /* Images.xcassets */,
				B60D19DB1A6B471F002C48A5 /* LaunchScreen.xib */,
				B60D19D01A6B471F002C48A5 /* Supporting Files */,
				B60D19F21A6BC0BD002C48A5 /* AddToDoItemViewController.swift */,
				B60D19F41A6BC1F7002C48A5 /* ToDoListTableViewController.swift */,
				B60D19F61A6BFAD0002C48A5 /* ToDoItem.swift */,
			);
			path = ToDoList;
			sourceTree = "<group>";
		};
		B60D19D01A6B471F002C48A5 /* Supporting Files */ = {
			isa = PBXGroup;
			children = (
				B60D19D11A6B471F002C48A5 /* Info.plist */,
			);
			name = "Supporting Files";
			sourceTree = "<group>";
		};
		B60D19E51A6B4720002C48A5 /* ToDoListTests */ = {
			isa = PBXGroup;
			children = (
				B60D19E81A6B4720002C48A5 /* ToDoListTests.swift */,
				B60D19E61A6B4720002C48A5 /* Supporting Files */,
			);
			path = ToDoListTests;
			sourceTree = "<group>";
		};
		B60D19E61A6B4720002C48A5 /* Supporting Files */ = {
			isa = PBXGroup;
			children = (
				B60D19E71A6B4720002C48A5 /* Info.plist */,
			);
			name = "Supporting Files";
			sourceTree = "<group>";
		};
/* End PBXGroup section */

/* Begin PBXNativeTarget section */
		B60D19CC1A6B471F002C48A5 /* ToDoList */ = {
			isa = PBXNativeTarget;
			buildConfigurationList = B60D19EC1A6B4720002C48A5 /* Build configuration list for PBXNativeTarget "ToDoList" */;
			buildPhases = (
				B60D19C91A6B471F002C48A5 /* Sources */,
				B60D19CA1A6B471F002C48A5 /* Frameworks */,
				B60D19CB1A6B471F002C48A5 /* Resources */,
			);
			buildRules = (
			);
			dependencies = (
			);
			name = ToDoList;
			productName = ToDoList;
			productReference = B60D19CD1A6B471F002C48A5 /* ToDoList.app */;
			productType = "com.apple.product-type.application";
		};
		B60D19E11A6B471F002C48A5 /* ToDoListTests */ = {
			isa = PBXNativeTarget;
			buildConfigurationList = B60D19EF1A6B4720002C48A5 /* Build configuration list for PBXNativeTarget "ToDoListTests" */;
			buildPhases = (
				B60D19DE1A6B471F002C48A5 /* Sources */,
				B60D19DF1A6B471F002C48A5 /* Frameworks */,
				B60D19E01A6B471F002C48A5 /* Resources */,
			);
			buildRules = (
			);
			dependencies = (
				B60D19E41A6B471F002C48A5 /* PBXTargetDependency */,
			);
			name = ToDoListTests;
			productName = ToDoListTests;
			productReference = B60D19E21A6B471F002C48A5 /* ToDoListTests.xctest */;
			productType = "com.apple.product-type.bundle.unit-test";
		};
/* End PBXNativeTarget section */

/* Begin PBXProject section */
		B60D19C51A6B471F002C48A5 /* Project object */ = {
			isa = PBXProject;
			attributes = {
				LastUpgradeCheck = 0610;
				ORGANIZATIONNAME = programus;
				TargetAttributes = {
					B60D19CC1A6B471F002C48A5 = {
						CreatedOnToolsVersion = 6.1.1;
					};
					B60D19E11A6B471F002C48A5 = {
						CreatedOnToolsVersion = 6.1.1;
						TestTargetID = B60D19CC1A6B471F002C48A5;
					};
				};
			};
			buildConfigurationList = B60D19C81A6B471F002C48A5 /* Build configuration list for PBXProject "ToDoList" */;
			compatibilityVersion = "Xcode 3.2";
			developmentRegion = English;
			hasScannedForEncodings = 0;
			knownRegions = (
				en,
				Base,
			);
			mainGroup = B60D19C41A6B471F002C48A5;
			productRefGroup = B60D19CE1A6B471F002C48A5 /* Products */;
			projectDirPath = "";
			projectRoot = "";
			targets = (
				B60D19CC1A6B471F002C48A5 /* ToDoList */,
				B60D19E11A6B471F002C48A5 /* ToDoListTests */,
			);
		};
/* End PBXProject section */

/* Begin PBXResourcesBuildPhase section */
		B60D19CB1A6B471F002C48A5 /* Resources */ = {
			isa = PBXResourcesBuildPhase;
			buildActionMask = 2147483647;
			files = (
				B60D19D81A6B471F002C48A5 /* Main.storyboard in Resources */,
				B60D19DD1A6B471F002C48A5 /* LaunchScreen.xib in Resources */,
				B60D19DA1A6B471F002C48A5 /* Images.xcassets in Resources */,
			);
			runOnlyForDeploymentPostprocessing = 0;
		};
		B60D19E01A6B471F002C48A5 /* Resources */ = {
			isa = PBXResourcesBuildPhase;
			buildActionMask = 2147483647;
			files = (
			);
			runOnlyForDeploymentPostprocessing = 0;
		};
/* End PBXResourcesBuildPhase section */

/* Begin PBXSourcesBuildPhase section */
		B60D19C91A6B471F002C48A5 /* Sources */ = {
			isa = PBXSourcesBuildPhase;
			buildActionMask = 2147483647;
			files = (
				B60D19D31A6B471F002C48A5 /* AppDelegate.swift in Sources */,
				B60D19F31A6BC0BD002C48A5 /* AddToDoItemViewController.swift in Sources */,
				B60D19F71A6BFAD0002C48A5 /* ToDoItem.swift in Sources */,
				B60D19F51A6BC1F7002C48A5 /* ToDoListTableViewController.swift in Sources */,
			);
			runOnlyForDeploymentPostprocessing = 0;
		};
		B60D19DE1A6B471F002C48A5 /* Sources */ = {
			isa = PBXSourcesBuildPhase;
			buildActionMask = 2147483647;
			files = (
				B60D19E91A6B4720002C48A5 /* ToDoListTests.swift in Sources */,
			);
			runOnlyForDeploymentPostprocessing = 0;
		};
/* End PBXSourcesBuildPhase section */

/* Begin PBXTargetDependency section */
		B60D19E41A6B471F002C48A5 /* PBXTargetDependency */ = {
			isa = PBXTargetDependency;
			target = B60D19CC1A6B471F002C48A5 /* ToDoList */;
			targetProxy = B60D19E31A6B471F002C48A5 /* PBXContainerItemProxy */;
		};
/* End PBXTargetDependency section */

/* Begin PBXVariantGroup section */
		B60D19D61A6B471F002C48A5 /* Main.storyboard */ = {
			isa = PBXVariantGroup;
			children = (
				B60D19D71A6B471F002C48A5 /* Base */,
			);
			name = Main.storyboard;
			sourceTree = "<group>";
		};
		B60D19DB1A6B471F002C48A5 /* LaunchScreen.xib */ = {
			isa = PBXVariantGroup;
			children = (
				B60D19DC1A6B471F002C48A5 /* Base */,
			);
			name = LaunchScreen.xib;
			sourceTree = "<group>";
		};
/* End PBXVariantGroup section */

/* Begin XCBuildConfiguration section */
		B60D19EA1A6B4720002C48A5 /* Debug */ = {
			isa = XCBuildConfiguration;
			buildSettings = {
				ALWAYS_SEARCH_USER_PATHS = NO;
				CLANG_CXX_LANGUAGE_STANDARD = "gnu++0x";
				CLANG_CXX_LIBRARY = "libc++";
				CLANG_ENABLE_MODULES = YES;
				CLANG_ENABLE_OBJC_ARC = YES;
				CLANG_WARN_BOOL_CONVERSION = YES;
				CLANG_WARN_CONSTANT_CONVERSION = YES;
				CLANG_WARN_DIRECT_OBJC_ISA_USAGE = YES_ERROR;
				CLANG_WARN_EMPTY_BODY = YES;
				CLANG_WARN_ENUM_CONVERSION = YES;
				CLANG_WARN_INT_CONVERSION = YES;
				CLANG_WARN_OBJC_ROOT_CLASS = YES_ERROR;
				CLANG_WARN_UNREACHABLE_CODE = YES;
				CLANG_WARN__DUPLICATE_METHOD_MATCH = YES;
				"CODE_SIGN_IDENTITY[sdk=iphoneos*]" = "iPhone Developer";
				COPY_PHASE_STRIP = NO;
				ENABLE_STRICT_OBJC_MSGSEND = YES;
				GCC_C_LANGUAGE_STANDARD = gnu99;
				GCC_DYNAMIC_NO_PIC = NO;
				GCC_OPTIMIZATION_LEVEL = 0;
				GCC_PREPROCESSOR_DEFINITIONS = (
					"DEBUG=1",
					"$(inherited)",
				);
				GCC_SYMBOLS_PRIVATE_EXTERN = NO;
				GCC_WARN_64_TO_32_BIT_CONVERSION = YES;
				GCC_WARN_ABOUT_RETURN_TYPE = YES_ERROR;
				GCC_WARN_UNDECLARED_SELECTOR = YES;
				GCC_WARN_UNINITIALIZED_AUTOS = YES_AGGRESSIVE;
				GCC_WARN_UNUSED_FUNCTION = YES;
				GCC_WARN_UNUSED_VARIABLE = YES;
				IPHONEOS_DEPLOYMENT_TARGET = 8.1;
				MTL_ENABLE_DEBUG_INFO = YES;
				ONLY_ACTIVE_ARCH = YES;
				SDKROOT = iphoneos;
				SWIFT_OPTIMIZATION_LEVEL = "-Onone";
				TARGETED_DEVICE_FAMILY = "1,2";
			};
			name = Debug;
		};
		B60D19EB1A6B4720002C48A5 /* Release */ = {
			isa = XCBuildConfiguration;
			buildSettings = {
				ALWAYS_SEARCH_USER_PATHS = NO;
				CLANG_CXX_LANGUAGE_STANDARD = "gnu++0x";
				CLANG_CXX_LIBRARY = "libc++";
				CLANG_ENABLE_MODULES = YES;
				CLANG_ENABLE_OBJC_ARC = YES;
				CLANG_WARN_BOOL_CONVERSION = YES;
				CLANG_WARN_CONSTANT_CONVERSION = YES;
				CLANG_WARN_DIRECT_OBJC_ISA_USAGE = YES_ERROR;
				CLANG_WARN_EMPTY_BODY = YES;
				CLANG_WARN_ENUM_CONVERSION = YES;
				CLANG_WARN_INT_CONVERSION = YES;
				CLANG_WARN_OBJC_ROOT_CLASS = YES_ERROR;
				CLANG_WARN_UNREACHABLE_CODE = YES;
				CLANG_WARN__DUPLICATE_METHOD_MATCH = YES;
				"CODE_SIGN_IDENTITY[sdk=iphoneos*]" = "iPhone Developer";
				COPY_PHASE_STRIP = YES;
				ENABLE_NS_ASSERTIONS = NO;
				ENABLE_STRICT_OBJC_MSGSEND = YES;
				GCC_C_LANGUAGE_STANDARD = gnu99;
				GCC_WARN_64_TO_32_BIT_CONVERSION = YES;
				GCC_WARN_ABOUT_RETURN_TYPE = YES_ERROR;
				GCC_WARN_UNDECLARED_SELECTOR = YES;
				GCC_WARN_UNINITIALIZED_AUTOS = YES_AGGRESSIVE;
				GCC_WARN_UNUSED_FUNCTION = YES;
				GCC_WARN_UNUSED_VARIABLE = YES;
				IPHONEOS_DEPLOYMENT_TARGET = 8.1;
				MTL_ENABLE_DEBUG_INFO = NO;
				SDKROOT = iphoneos;
				TARGETED_DEVICE_FAMILY = "1,2";
				VALIDATE_PRODUCT = YES;
			};
			name = Release;
		};
		B60D19ED1A6B4720002C48A5 /* Debug */ = {
			isa = XCBuildConfiguration;
			buildSettings = {
				ASSETCATALOG_COMPILER_APPICON_NAME = AppIcon;
				INFOPLIST_FILE = ToDoList/Info.plist;
				LD_RUNPATH_SEARCH_PATHS = "$(inherited) @executable_path/Frameworks";
				PRODUCT_NAME = "$(TARGET_NAME)";
			};
			name = Debug;
		};
		B60D19EE1A6B4720002C48A5 /* Release */ = {
			isa = XCBuildConfiguration;
			buildSettings = {
				ASSETCATALOG_COMPILER_APPICON_NAME = AppIcon;
				INFOPLIST_FILE = ToDoList/Info.plist;
				LD_RUNPATH_SEARCH_PATHS = "$(inherited) @executable_path/Frameworks";
				PRODUCT_NAME = "$(TARGET_NAME)";
			};
			name = Release;
		};
		B60D19F01A6B4720002C48A5 /* Debug */ = {
			isa = XCBuildConfiguration;
			buildSettings = {
				BUNDLE_LOADER = "$(TEST_HOST)";
				FRAMEWORK_SEARCH_PATHS = (
					"$(SDKROOT)/Developer/Library/Frameworks",
					"$(inherited)",
				);
				GCC_PREPROCESSOR_DEFINITIONS = (
					"DEBUG=1",
					"$(inherited)",
				);
				INFOPLIST_FILE = ToDoListTests/Info.plist;
				LD_RUNPATH_SEARCH_PATHS = "$(inherited) @executable_path/Frameworks @loader_path/Frameworks";
				PRODUCT_NAME = "$(TARGET_NAME)";
				TEST_HOST = "$(BUILT_PRODUCTS_DIR)/ToDoList.app/ToDoList";
			};
			name = Debug;
		};
		B60D19F11A6B4720002C48A5 /* Release */ = {
			isa = XCBuildConfiguration;
			buildSettings = {
				BUNDLE_LOADER = "$(TEST_HOST)";
				FRAMEWORK_SEARCH_PATHS = (
					"$(SDKROOT)/Developer/Library/Frameworks",
					"$(inherited)",
				);
				INFOPLIST_FILE = ToDoListTests/Info.plist;
				LD_RUNPATH_SEARCH_PATHS = "$(inherited) @executable_path/Frameworks @loader_path/Frameworks";
				PRODUCT_NAME = "$(TARGET_NAME)";
				TEST_HOST = "$(BUILT_PRODUCTS_DIR)/ToDoList.app/ToDoList";
			};
			name = Release;
		};
/* End XCBuildConfiguration section */

/* Begin XCConfigurationList section */
		B60D19C81A6B471F002C48A5 /* Build configuration list for PBXProject "ToDoList" */ = {
			isa = XCConfigurationList;
			buildConfigurations = (
				B60D19EA1A6B4720002C48A5 /* Debug */,
				B60D19EB1A6B4720002C48A5 /* Release */,
			);
			defaultConfigurationIsVisible = 0;
			defaultConfigurationName = Release;
		};
		B60D19EC1A6B4720002C48A5 /* Build configuration list for PBXNativeTarget "ToDoList" */ = {
			isa = XCConfigurationList;
			buildConfigurations = (
				B60D19ED1A6B4720002C48A5 /* Debug */,
				B60D19EE1A6B4720002C48A5 /* Release */,
			);
			defaultConfigurationIsVisible = 0;
			defaultConfigurationName = Release;
		};
		B60D19EF1A6B4720002C48A5 /* Build configuration list for PBXNativeTarget "ToDoListTests" */ = {
			isa = XCConfigurationList;
			buildConfigurations = (
				B60D19F01A6B4720002C48A5 /* Debug */,
				B60D19F11A6B4720002C48A5 /* Release */,
			);
			defaultConfigurationIsVisible = 0;
			defaultConfigurationName = Release;
		};
/* End XCConfigurationList section */
	};
	rootObject = B60D19C51A6B471F002C48A5 /* Project object */;
}
