// !$*UTF8*$!
{
	archiveVersion = 1;
	classes = {
	};
	objectVersion = 46;
	objects = {

/* Begin PBXBuildFile section */
		B6E7BF7E1D291E8B008ECF63 /* AppDelegate.swift in Sources */ = {isa = PBXBuildFile; fileRef = B6E7BF7D1D291E8B008ECF63 /* AppDelegate.swift */; };
		B6E7BF801D291E8B008ECF63 /* ViewController.swift in Sources */ = {isa = PBXBuildFile; fileRef = B6E7BF7F1D291E8B008ECF63 /* ViewController.swift */; };
		B6E7BF831D291E8C008ECF63 /* Main.storyboard in Resources */ = {isa = PBXBuildFile; fileRef = B6E7BF811D291E8C008ECF63 /* Main.storyboard */; };
		B6E7BF851D291E8C008ECF63 /* Assets.xcassets in Resources */ = {isa = PBXBuildFile; fileRef = B6E7BF841D291E8C008ECF63 /* Assets.xcassets */; };
		B6E7BF881D291E8C008ECF63 /* LaunchScreen.storyboard in Resources */ = {isa = PBXBuildFile; fileRef = B6E7BF861D291E8C008ECF63 /* LaunchScreen.storyboard */; };
		B6E7BF901D2AA219008ECF63 /* StudySessionManager.swift in Sources */ = {isa = PBXBuildFile; fileRef = B6E7BF8F1D2AA219008ECF63 /* StudySessionManager.swift */; };
/* End PBXBuildFile section */

/* Begin PBXFileReference section */
		B6E7BF7A1D291E8B008ECF63 /* TimerLog.app */ = {isa = PBXFileReference; explicitFileType = wrapper.application; includeInIndex = 0; path = TimerLog.app; sourceTree = BUILT_PRODUCTS_DIR; };
		B6E7BF7D1D291E8B008ECF63 /* AppDelegate.swift */ = {isa = PBXFileReference; lastKnownFileType = sourcecode.swift; path = AppDelegate.swift; sourceTree = "<group>"; };
		B6E7BF7F1D291E8B008ECF63 /* ViewController.swift */ = {isa = PBXFileReference; lastKnownFileType = sourcecode.swift; path = ViewController.swift; sourceTree = "<group>"; };
		B6E7BF821D291E8C008ECF63 /* Base */ = {isa = PBXFileReference; lastKnownFileType = file.storyboard; name = Base; path = Base.lproj/Main.storyboard; sourceTree = "<group>"; };
		B6E7BF841D291E8C008ECF63 /* Assets.xcassets */ = {isa = PBXFileReference; lastKnownFileType = folder.assetcatalog; path = Assets.xcassets; sourceTree = "<group>"; };
		B6E7BF871D291E8C008ECF63 /* Base */ = {isa = PBXFileReference; lastKnownFileType = file.storyboard; name = Base; path = Base.lproj/LaunchScreen.storyboard; sourceTree = "<group>"; };
		B6E7BF891D291E8C008ECF63 /* Info.plist */ = {isa = PBXFileReference; lastKnownFileType = text.plist.xml; path = Info.plist; sourceTree = "<group>"; };
		B6E7BF8F1D2AA219008ECF63 /* StudySessionManager.swift */ = {isa = PBXFileReference; fileEncoding = 4; lastKnownFileType = sourcecode.swift; path = StudySessionManager.swift; sourceTree = "<group>"; };
/* End PBXFileReference section */

/* Begin PBXFrameworksBuildPhase section */
		B6E7BF771D291E8B008ECF63 /* Frameworks */ = {
			isa = PBXFrameworksBuildPhase;
			buildActionMask = 2147483647;
			files = (
			);
			runOnlyForDeploymentPostprocessing = 0;
		};
/* End PBXFrameworksBuildPhase section */

/* Begin PBXGroup section */
		B6E7BF711D291E8B008ECF63 = {
			isa = PBXGroup;
			children = (
				B6E7BF7C1D291E8B008ECF63 /* TimerLog */,
				B6E7BF7B1D291E8B008ECF63 /* Products */,
			);
			sourceTree = "<group>";
		};
		B6E7BF7B1D291E8B008ECF63 /* Products */ = {
			isa = PBXGroup;
			children = (
				B6E7BF7A1D291E8B008ECF63 /* TimerLog.app */,
			);
			name = Products;
			sourceTree = "<group>";
		};
		B6E7BF7C1D291E8B008ECF63 /* TimerLog */ = {
			isa = PBXGroup;
			children = (
				B6E7BF7D1D291E8B008ECF63 /* AppDelegate.swift */,
				B6E7BF7F1D291E8B008ECF63 /* ViewController.swift */,
				B6E7BF811D291E8C008ECF63 /* Main.storyboard */,
				B6E7BF841D291E8C008ECF63 /* Assets.xcassets */,
				B6E7BF861D291E8C008ECF63 /* LaunchScreen.storyboard */,
				B6E7BF891D291E8C008ECF63 /* Info.plist */,
				B6E7BF8F1D2AA219008ECF63 /* StudySessionManager.swift */,
			);
			path = TimerLog;
			sourceTree = "<group>";
		};
/* End PBXGroup section */

/* Begin PBXNativeTarget section */
		B6E7BF791D291E8B008ECF63 /* TimerLog */ = {
			isa = PBXNativeTarget;
			buildConfigurationList = B6E7BF8C1D291E8C008ECF63 /* Build configuration list for PBXNativeTarget "TimerLog" */;
			buildPhases = (
				B6E7BF761D291E8B008ECF63 /* Sources */,
				B6E7BF771D291E8B008ECF63 /* Frameworks */,
				B6E7BF781D291E8B008ECF63 /* Resources */,
			);
			buildRules = (
			);
			dependencies = (
			);
			name = TimerLog;
			productName = TimerLog;
			productReference = B6E7BF7A1D291E8B008ECF63 /* TimerLog.app */;
			productType = "com.apple.product-type.application";
		};
/* End PBXNativeTarget section */

/* Begin PBXProject section */
		B6E7BF721D291E8B008ECF63 /* Project object */ = {
			isa = PBXProject;
			attributes = {
				LastSwiftUpdateCheck = 0730;
				LastUpgradeCheck = 0730;
				ORGANIZATIONNAME = programus;
				TargetAttributes = {
					B6E7BF791D291E8B008ECF63 = {
						CreatedOnToolsVersion = 7.3.1;
					};
				};
			};
			buildConfigurationList = B6E7BF751D291E8B008ECF63 /* Build configuration list for PBXProject "TimerLog" */;
			compatibilityVersion = "Xcode 3.2";
			developmentRegion = English;
			hasScannedForEncodings = 0;
			knownRegions = (
				en,
				Base,
			);
			mainGroup = B6E7BF711D291E8B008ECF63;
			productRefGroup = B6E7BF7B1D291E8B008ECF63 /* Products */;
			projectDirPath = "";
			projectRoot = "";
			targets = (
				B6E7BF791D291E8B008ECF63 /* TimerLog */,
			);
		};
/* End PBXProject section */

/* Begin PBXResourcesBuildPhase section */
		B6E7BF781D291E8B008ECF63 /* Resources */ = {
			isa = PBXResourcesBuildPhase;
			buildActionMask = 2147483647;
			files = (
				B6E7BF881D291E8C008ECF63 /* LaunchScreen.storyboard in Resources */,
				B6E7BF851D291E8C008ECF63 /* Assets.xcassets in Resources */,
				B6E7BF831D291E8C008ECF63 /* Main.storyboard in Resources */,
			);
			runOnlyForDeploymentPostprocessing = 0;
		};
/* End PBXResourcesBuildPhase section */

/* Begin PBXSourcesBuildPhase section */
		B6E7BF761D291E8B008ECF63 /* Sources */ = {
			isa = PBXSourcesBuildPhase;
			buildActionMask = 2147483647;
			files = (
				B6E7BF901D2AA219008ECF63 /* StudySessionManager.swift in Sources */,
				B6E7BF801D291E8B008ECF63 /* ViewController.swift in Sources */,
				B6E7BF7E1D291E8B008ECF63 /* AppDelegate.swift in Sources */,
			);
			runOnlyForDeploymentPostprocessing = 0;
		};
/* End PBXSourcesBuildPhase section */

/* Begin PBXVariantGroup section */
		B6E7BF811D291E8C008ECF63 /* Main.storyboard */ = {
			isa = PBXVariantGroup;
			children = (
				B6E7BF821D291E8C008ECF63 /* Base */,
			);
			name = Main.storyboard;
			sourceTree = "<group>";
		};
		B6E7BF861D291E8C008ECF63 /* LaunchScreen.storyboard */ = {
			isa = PBXVariantGroup;
			children = (
				B6E7BF871D291E8C008ECF63 /* Base */,
			);
			name = LaunchScreen.storyboard;
			sourceTree = "<group>";
		};
/* End PBXVariantGroup section */

/* Begin XCBuildConfiguration section */
		B6E7BF8A1D291E8C008ECF63 /* Debug */ = {
			isa = XCBuildConfiguration;
			buildSettings = {
				ALWAYS_SEARCH_USER_PATHS = NO;
				CLANG_ANALYZER_NONNULL = YES;
				CLANG_CXX_LANGUAGE_STANDARD = "gnu++0x";
				CLANG_CXX_LIBRARY = "libc++";
				CLANG_ENABLE_MODULES = YES;
				CLANG_ENABLE_OBJC_ARC = YES;
				CLANG_WARN_BOOL_CONVERSION = YES;
				CLANG_WARN_CONSTANT_CONVERSION = YES;
				CLANG_WARN_DIRECT_OBJC_ISA_USAGE = YES_ERROR;
				CLANG_WARN_EMPTY_BODY = YES;
				CLANG_WARN_ENUM_CONVERSION = YES;
				CLANG_WARN_INT_CONVERSION = YES;
				CLANG_WARN_OBJC_ROOT_CLASS = YES_ERROR;
				CLANG_WARN_UNREACHABLE_CODE = YES;
				CLANG_WARN__DUPLICATE_METHOD_MATCH = YES;
				"CODE_SIGN_IDENTITY[sdk=iphoneos*]" = "iPhone Developer";
				COPY_PHASE_STRIP = NO;
				DEBUG_INFORMATION_FORMAT = dwarf;
				ENABLE_STRICT_OBJC_MSGSEND = YES;
				ENABLE_TESTABILITY = YES;
				GCC_C_LANGUAGE_STANDARD = gnu99;
				GCC_DYNAMIC_NO_PIC = NO;
				GCC_NO_COMMON_BLOCKS = YES;
				GCC_OPTIMIZATION_LEVEL = 0;
				GCC_PREPROCESSOR_DEFINITIONS = (
					"DEBUG=1",
					"$(inherited)",
				);
				GCC_WARN_64_TO_32_BIT_CONVERSION = YES;
				GCC_WARN_ABOUT_RETURN_TYPE = YES_ERROR;
				GCC_WARN_UNDECLARED_SELECTOR = YES;
				GCC_WARN_UNINITIALIZED_AUTOS = YES_AGGRESSIVE;
				GCC_WARN_UNUSED_FUNCTION = YES;
				GCC_WARN_UNUSED_VARIABLE = YES;
				IPHONEOS_DEPLOYMENT_TARGET = 9.3;
				MTL_ENABLE_DEBUG_INFO = YES;
				ONLY_ACTIVE_ARCH = YES;
				SDKROOT = iphoneos;
				SWIFT_OPTIMIZATION_LEVEL = "-Onone";
				TARGETED_DEVICE_FAMILY = "1,2";
			};
			name = Debug;
		};
		B6E7BF8B1D291E8C008ECF63 /* Release */ = {
			isa = XCBuildConfiguration;
			buildSettings = {
				ALWAYS_SEARCH_USER_PATHS = NO;
				CLANG_ANALYZER_NONNULL = YES;
				CLANG_CXX_LANGUAGE_STANDARD = "gnu++0x";
				CLANG_CXX_LIBRARY = "libc++";
				CLANG_ENABLE_MODULES = YES;
				CLANG_ENABLE_OBJC_ARC = YES;
				CLANG_WARN_BOOL_CONVERSION = YES;
				CLANG_WARN_CONSTANT_CONVERSION = YES;
				CLANG_WARN_DIRECT_OBJC_ISA_USAGE = YES_ERROR;
				CLANG_WARN_EMPTY_BODY = YES;
				CLANG_WARN_ENUM_CONVERSION = YES;
				CLANG_WARN_INT_CONVERSION = YES;
				CLANG_WARN_OBJC_ROOT_CLASS = YES_ERROR;
				CLANG_WARN_UNREACHABLE_CODE = YES;
				CLANG_WARN__DUPLICATE_METHOD_MATCH = YES;
				"CODE_SIGN_IDENTITY[sdk=iphoneos*]" = "iPhone Developer";
				COPY_PHASE_STRIP = NO;
				DEBUG_INFORMATION_FORMAT = "dwarf-with-dsym";
				ENABLE_NS_ASSERTIONS = NO;
				ENABLE_STRICT_OBJC_MSGSEND = YES;
				GCC_C_LANGUAGE_STANDARD = gnu99;
				GCC_NO_COMMON_BLOCKS = YES;
				GCC_WARN_64_TO_32_BIT_CONVERSION = YES;
				GCC_WARN_ABOUT_RETURN_TYPE = YES_ERROR;
				GCC_WARN_UNDECLARED_SELECTOR = YES;
				GCC_WARN_UNINITIALIZED_AUTOS = YES_AGGRESSIVE;
				GCC_WARN_UNUSED_FUNCTION = YES;
				GCC_WARN_UNUSED_VARIABLE = YES;
				IPHONEOS_DEPLOYMENT_TARGET = 9.3;
				MTL_ENABLE_DEBUG_INFO = NO;
				SDKROOT = iphoneos;
				TARGETED_DEVICE_FAMILY = "1,2";
				VALIDATE_PRODUCT = YES;
			};
			name = Release;
		};
		B6E7BF8D1D291E8C008ECF63 /* Debug */ = {
			isa = XCBuildConfiguration;
			buildSettings = {
				ASSETCATALOG_COMPILER_APPICON_NAME = AppIcon;
				INFOPLIST_FILE = TimerLog/Info.plist;
				LD_RUNPATH_SEARCH_PATHS = "$(inherited) @executable_path/Frameworks";
				PRODUCT_BUNDLE_IDENTIFIER = org.programus.TimerLog;
				PRODUCT_NAME = "$(TARGET_NAME)";
			};
			name = Debug;
		};
		B6E7BF8E1D291E8C008ECF63 /* Release */ = {
			isa = XCBuildConfiguration;
			buildSettings = {
				ASSETCATALOG_COMPILER_APPICON_NAME = AppIcon;
				INFOPLIST_FILE = TimerLog/Info.plist;
				LD_RUNPATH_SEARCH_PATHS = "$(inherited) @executable_path/Frameworks";
				PRODUCT_BUNDLE_IDENTIFIER = org.programus.TimerLog;
				PRODUCT_NAME = "$(TARGET_NAME)";
			};
			name = Release;
		};
/* End XCBuildConfiguration section */

/* Begin XCConfigurationList section */
		B6E7BF751D291E8B008ECF63 /* Build configuration list for PBXProject "TimerLog" */ = {
			isa = XCConfigurationList;
			buildConfigurations = (
				B6E7BF8A1D291E8C008ECF63 /* Debug */,
				B6E7BF8B1D291E8C008ECF63 /* Release */,
			);
			defaultConfigurationIsVisible = 0;
			defaultConfigurationName = Release;
		};
		B6E7BF8C1D291E8C008ECF63 /* Build configuration list for PBXNativeTarget "TimerLog" */ = {
			isa = XCConfigurationList;
			buildConfigurations = (
				B6E7BF8D1D291E8C008ECF63 /* Debug */,
				B6E7BF8E1D291E8C008ECF63 /* Release */,
			);
			defaultConfigurationIsVisible = 0;
		};
/* End XCConfigurationList section */
	};
	rootObject = B6E7BF721D291E8B008ECF63 /* Project object */;
}
